
Microsoft Visual Studio Solution File, Format Version 12.00
# Visual Studio 14
VisualStudioVersion = 14.0.24720.0
MinimumVisualStudioVersion = 10.0.40219.1
Project("{FAE04EC0-301F-11D3-BF4B-00C04F79EFBC}") = "AlchymyShoppe", "AlchymyShoppe\AlchymyShoppe.csproj", "{03E24931-1B65-4BE0-85AA-9D396A79FAB9}"
EndProject
Project("{FAE04EC0-301F-11D3-BF4B-00C04F79EFBC}") = "AlchymyShoppeUnitTest", "AlchymyShoppeUnitTest\AlchymyShoppeUnitTest.csproj", "{B30E4B82-5955-435C-A3FD-995C3518F2D4}"
EndProject
Global
	GlobalSection(SolutionConfigurationPlatforms) = preSolution
		Debug|Any CPU = Debug|Any CPU
		Release|Any CPU = Release|Any CPU
	EndGlobalSection
	GlobalSection(ProjectConfigurationPlatforms) = postSolution
		{03E24931-1B65-4BE0-85AA-9D396A79FAB9}.Debug|Any CPU.ActiveCfg = Debug|Any CPU
		{03E24931-1B65-4BE0-85AA-9D396A79FAB9}.Debug|Any CPU.Build.0 = Debug|Any CPU
		{03E24931-1B65-4BE0-85AA-9D396A79FAB9}.Release|Any CPU.ActiveCfg = Release|Any CPU
		{03E24931-1B65-4BE0-85AA-9D396A79FAB9}.Release|Any CPU.Build.0 = Release|Any CPU
		{B30E4B82-5955-435C-A3FD-995C3518F2D4}.Debug|Any CPU.ActiveCfg = Debug|Any CPU
		{B30E4B82-5955-435C-A3FD-995C3518F2D4}.Debug|Any CPU.Build.0 = Debug|Any CPU
		{B30E4B82-5955-435C-A3FD-995C3518F2D4}.Release|Any CPU.ActiveCfg = Release|Any CPU
		{B30E4B82-5955-435C-A3FD-995C3518F2D4}.Release|Any CPU.Build.0 = Release|Any CPU
	EndGlobalSection
	GlobalSection(SolutionProperties) = preSolution
		HideSolutionNode = FALSE
	EndGlobalSection
EndGlobal
